{
  "name": "Coding-Tools",
  "lockfileVersion": 2,
  "requires": true,
  "packages": {
    "node_modules/vue-draggable": {
      "version": "2.0.6",
      "resolved": "https://registry.npmjs.org/vue-draggable/-/vue-draggable-2.0.6.tgz",
      "integrity": "sha512-/FHtAwrhy6a4duF/zr5Sf3oowf3BMHdcEfi1v8SsYYFCNqbKvBFUaiMs7Lw1ZQq2/2j6yvBoAHPKVmuLFSSiJw=="
    }
  },
  "dependencies": {
    "vue-draggable": {
      "version": "https://registry.npmjs.org/vue-draggable/-/vue-draggable-2.0.6.tgz",
      "integrity": "sha512-/FHtAwrhy6a4duF/zr5Sf3oowf3BMHdcEfi1v8SsYYFCNqbKvBFUaiMs7Lw1ZQq2/2j6yvBoAHPKVmuLFSSiJw=="
    }
  }
}
